// !$*UTF8*$!
{
	archiveVersion = 1;
	classes = {
	};
	objectVersion = 46;
	objects = {

/* Begin PBXBuildFile section */
		A64200F21D50368D00D93F82 /* main.m in Sources */ = {isa = PBXBuildFile; fileRef = A64200F11D50368D00D93F82 /* main.m */; };
		A64200F51D50368D00D93F82 /* AppDelegate.m in Sources */ = {isa = PBXBuildFile; fileRef = A64200F41D50368D00D93F82 /* AppDelegate.m */; };
		A64200FB1D50368D00D93F82 /* Main.storyboard in Resources */ = {isa = PBXBuildFile; fileRef = A64200F91D50368D00D93F82 /* Main.storyboard */; };
		A64200FD1D50368D00D93F82 /* Assets.xcassets in Resources */ = {isa = PBXBuildFile; fileRef = A64200FC1D50368D00D93F82 /* Assets.xcassets */; };
		A64201001D50368D00D93F82 /* LaunchScreen.storyboard in Resources */ = {isa = PBXBuildFile; fileRef = A64200FE1D50368D00D93F82 /* LaunchScreen.storyboard */; };
		A642010B1D50368D00D93F82 /* AnjoTests.m in Sources */ = {isa = PBXBuildFile; fileRef = A642010A1D50368D00D93F82 /* AnjoTests.m */; };
		A642011B1D50370D00D93F82 /* MSLiveBlurView.m in Sources */ = {isa = PBXBuildFile; fileRef = A64201161D50370D00D93F82 /* MSLiveBlurView.m */; };
		A642011C1D50370D00D93F82 /* MSMainViewController.m in Sources */ = {isa = PBXBuildFile; fileRef = A64201181D50370D00D93F82 /* MSMainViewController.m */; };
		A642011D1D50370D00D93F82 /* MSTouchViewController.m in Sources */ = {isa = PBXBuildFile; fileRef = A642011A1D50370D00D93F82 /* MSTouchViewController.m */; };
		A642011F1D50372100D93F82 /* tojane.jpg in Resources */ = {isa = PBXBuildFile; fileRef = A642011E1D50372100D93F82 /* tojane.jpg */; };
		A64201211D50379F00D93F82 /* bg.jpg in Resources */ = {isa = PBXBuildFile; fileRef = A64201201D50379F00D93F82 /* bg.jpg */; };
/* End PBXBuildFile section */

/* Begin PBXContainerItemProxy section */
		A64201071D50368D00D93F82 /* PBXContainerItemProxy */ = {
			isa = PBXContainerItemProxy;
			containerPortal = A64200E51D50368C00D93F82 /* Project object */;
			proxyType = 1;
			remoteGlobalIDString = A64200EC1D50368C00D93F82;
			remoteInfo = Anjo;
		};
/* End PBXContainerItemProxy section */

/* Begin PBXFileReference section */
		A64200ED1D50368C00D93F82 /* Anjo.app */ = {isa = PBXFileReference; explicitFileType = wrapper.application; includeInIndex = 0; path = Anjo.app; sourceTree = BUILT_PRODUCTS_DIR; };
		A64200F11D50368D00D93F82 /* main.m */ = {isa = PBXFileReference; lastKnownFileType = sourcecode.c.objc; path = main.m; sourceTree = "<group>"; };
		A64200F31D50368D00D93F82 /* AppDelegate.h */ = {isa = PBXFileReference; lastKnownFileType = sourcecode.c.h; path = AppDelegate.h; sourceTree = "<group>"; };
		A64200F41D50368D00D93F82 /* AppDelegate.m */ = {isa = PBXFileReference; lastKnownFileType = sourcecode.c.objc; path = AppDelegate.m; sourceTree = "<group>"; };
		A64200FA1D50368D00D93F82 /* Base */ = {isa = PBXFileReference; lastKnownFileType = file.storyboard; name = Base; path = Base.lproj/Main.storyboard; sourceTree = "<group>"; };
		A64200FC1D50368D00D93F82 /* Assets.xcassets */ = {isa = PBXFileReference; lastKnownFileType = folder.assetcatalog; path = Assets.xcassets; sourceTree = "<group>"; };
		A64200FF1D50368D00D93F82 /* Base */ = {isa = PBXFileReference; lastKnownFileType = file.storyboard; name = Base; path = Base.lproj/LaunchScreen.storyboard; sourceTree = "<group>"; };
		A64201011D50368D00D93F82 /* Info.plist */ = {isa = PBXFileReference; lastKnownFileType = text.plist.xml; path = Info.plist; sourceTree = "<group>"; };
		A64201061D50368D00D93F82 /* AnjoTests.xctest */ = {isa = PBXFileReference; explicitFileType = wrapper.cfbundle; includeInIndex = 0; path = AnjoTests.xctest; sourceTree = BUILT_PRODUCTS_DIR; };
		A642010A1D50368D00D93F82 /* AnjoTests.m */ = {isa = PBXFileReference; lastKnownFileType = sourcecode.c.objc; path = AnjoTests.m; sourceTree = "<group>"; };
		A642010C1D50368D00D93F82 /* Info.plist */ = {isa = PBXFileReference; lastKnownFileType = text.plist.xml; path = Info.plist; sourceTree = "<group>"; };
		A64201151D50370D00D93F82 /* MSLiveBlurView.h */ = {isa = PBXFileReference; fileEncoding = 4; lastKnownFileType = sourcecode.c.h; path = MSLiveBlurView.h; sourceTree = "<group>"; };
		A64201161D50370D00D93F82 /* MSLiveBlurView.m */ = {isa = PBXFileReference; fileEncoding = 4; lastKnownFileType = sourcecode.c.objc; path = MSLiveBlurView.m; sourceTree = "<group>"; };
		A64201171D50370D00D93F82 /* MSMainViewController.h */ = {isa = PBXFileReference; fileEncoding = 4; lastKnownFileType = sourcecode.c.h; path = MSMainViewController.h; sourceTree = "<group>"; };
		A64201181D50370D00D93F82 /* MSMainViewController.m */ = {isa = PBXFileReference; fileEncoding = 4; lastKnownFileType = sourcecode.c.objc; path = MSMainViewController.m; sourceTree = "<group>"; };
		A64201191D50370D00D93F82 /* MSTouchViewController.h */ = {isa = PBXFileReference; fileEncoding = 4; lastKnownFileType = sourcecode.c.h; path = MSTouchViewController.h; sourceTree = "<group>"; };
		A642011A1D50370D00D93F82 /* MSTouchViewController.m */ = {isa = PBXFileReference; fileEncoding = 4; lastKnownFileType = sourcecode.c.objc; path = MSTouchViewController.m; sourceTree = "<group>"; };
		A642011E1D50372100D93F82 /* tojane.jpg */ = {isa = PBXFileReference; lastKnownFileType = image.jpeg; path = tojane.jpg; sourceTree = "<group>"; };
		A64201201D50379F00D93F82 /* bg.jpg */ = {isa = PBXFileReference; lastKnownFileType = image.jpeg; path = bg.jpg; sourceTree = "<group>"; };
		A64201231D50380F00D93F82 /* Anjo-PrefixHeader.pch */ = {isa = PBXFileReference; fileEncoding = 4; lastKnownFileType = sourcecode.c.h; path = "Anjo-PrefixHeader.pch"; sourceTree = "<group>"; };
/* End PBXFileReference section */

/* Begin PBXFrameworksBuildPhase section */
		A64200EA1D50368C00D93F82 /* Frameworks */ = {
			isa = PBXFrameworksBuildPhase;
			buildActionMask = 2147483647;
			files = (
			);
			runOnlyForDeploymentPostprocessing = 0;
		};
		A64201031D50368D00D93F82 /* Frameworks */ = {
			isa = PBXFrameworksBuildPhase;
			buildActionMask = 2147483647;
			files = (
			);
			runOnlyForDeploymentPostprocessing = 0;
		};
/* End PBXFrameworksBuildPhase section */

/* Begin PBXGroup section */
		A64200E41D50368C00D93F82 = {
			isa = PBXGroup;
			children = (
				A64201231D50380F00D93F82 /* Anjo-PrefixHeader.pch */,
				A64200EF1D50368D00D93F82 /* Anjo */,
				A64201091D50368D00D93F82 /* AnjoTests */,
				A64200EE1D50368C00D93F82 /* Products */,
			);
			sourceTree = "<group>";
		};
		A64200EE1D50368C00D93F82 /* Products */ = {
			isa = PBXGroup;
			children = (
				A64200ED1D50368C00D93F82 /* Anjo.app */,
				A64201061D50368D00D93F82 /* AnjoTests.xctest */,
			);
			name = Products;
			sourceTree = "<group>";
		};
		A64200EF1D50368D00D93F82 /* Anjo */ = {
			isa = PBXGroup;
			children = (
				A64200F31D50368D00D93F82 /* AppDelegate.h */,
				A64200F41D50368D00D93F82 /* AppDelegate.m */,
				A64201171D50370D00D93F82 /* MSMainViewController.h */,
				A64201181D50370D00D93F82 /* MSMainViewController.m */,
				A64201191D50370D00D93F82 /* MSTouchViewController.h */,
				A642011A1D50370D00D93F82 /* MSTouchViewController.m */,
				A64201151D50370D00D93F82 /* MSLiveBlurView.h */,
				A64201161D50370D00D93F82 /* MSLiveBlurView.m */,
				A64200F91D50368D00D93F82 /* Main.storyboard */,
				A64200FC1D50368D00D93F82 /* Assets.xcassets */,
				A64200FE1D50368D00D93F82 /* LaunchScreen.storyboard */,
				A64201011D50368D00D93F82 /* Info.plist */,
				A64201201D50379F00D93F82 /* bg.jpg */,
				A642011E1D50372100D93F82 /* tojane.jpg */,
				A64200F01D50368D00D93F82 /* Supporting Files */,
			);
			path = Anjo;
			sourceTree = "<group>";
		};
		A64200F01D50368D00D93F82 /* Supporting Files */ = {
			isa = PBXGroup;
			children = (
				A64200F11D50368D00D93F82 /* main.m */,
			);
			name = "Supporting Files";
			sourceTree = "<group>";
		};
		A64201091D50368D00D93F82 /* AnjoTests */ = {
			isa = PBXGroup;
			children = (
				A642010A1D50368D00D93F82 /* AnjoTests.m */,
				A642010C1D50368D00D93F82 /* Info.plist */,
			);
			path = AnjoTests;
			sourceTree = "<group>";
		};
/* End PBXGroup section */

/* Begin PBXNativeTarget section */
		A64200EC1D50368C00D93F82 /* Anjo */ = {
			isa = PBXNativeTarget;
			buildConfigurationList = A642010F1D50368D00D93F82 /* Build configuration list for PBXNativeTarget "Anjo" */;
			buildPhases = (
				A64200E91D50368C00D93F82 /* Sources */,
				A64200EA1D50368C00D93F82 /* Frameworks */,
				A64200EB1D50368C00D93F82 /* Resources */,
			);
			buildRules = (
			);
			dependencies = (
			);
			name = Anjo;
			productName = Anjo;
			productReference = A64200ED1D50368C00D93F82 /* Anjo.app */;
			productType = "com.apple.product-type.application";
		};
		A64201051D50368D00D93F82 /* AnjoTests */ = {
			isa = PBXNativeTarget;
			buildConfigurationList = A64201121D50368D00D93F82 /* Build configuration list for PBXNativeTarget "AnjoTests" */;
			buildPhases = (
				A64201021D50368D00D93F82 /* Sources */,
				A64201031D50368D00D93F82 /* Frameworks */,
				A64201041D50368D00D93F82 /* Resources */,
			);
			buildRules = (
			);
			dependencies = (
				A64201081D50368D00D93F82 /* PBXTargetDependency */,
			);
			name = AnjoTests;
			productName = AnjoTests;
			productReference = A64201061D50368D00D93F82 /* AnjoTests.xctest */;
			productType = "com.apple.product-type.bundle.unit-test";
		};
/* End PBXNativeTarget section */

/* Begin PBXProject section */
		A64200E51D50368C00D93F82 /* Project object */ = {
			isa = PBXProject;
			attributes = {
				LastUpgradeCheck = 0730;
				ORGANIZATIONNAME = mr.scorpion;
				TargetAttributes = {
					A64200EC1D50368C00D93F82 = {
						CreatedOnToolsVersion = 7.3.1;
						DevelopmentTeam = GXHE3742MX;
					};
					A64201051D50368D00D93F82 = {
						CreatedOnToolsVersion = 7.3.1;
						DevelopmentTeam = GXHE3742MX;
						TestTargetID = A64200EC1D50368C00D93F82;
					};
				};
			};
			buildConfigurationList = A64200E81D50368C00D93F82 /* Build configuration list for PBXProject "Anjo" */;
			compatibilityVersion = "Xcode 3.2";
			developmentRegion = English;
			hasScannedForEncodings = 0;
			knownRegions = (
				en,
				Base,
			);
			mainGroup = A64200E41D50368C00D93F82;
			productRefGroup = A64200EE1D50368C00D93F82 /* Products */;
			projectDirPath = "";
			projectRoot = "";
			targets = (
				A64200EC1D50368C00D93F82 /* Anjo */,
				A64201051D50368D00D93F82 /* AnjoTests */,
			);
		};
/* End PBXProject section */

/* Begin PBXResourcesBuildPhase section */
		A64200EB1D50368C00D93F82 /* Resources */ = {
			isa = PBXResourcesBuildPhase;
			buildActionMask = 2147483647;
			files = (
				A64201211D50379F00D93F82 /* bg.jpg in Resources */,
				A64201001D50368D00D93F82 /* LaunchScreen.storyboard in Resources */,
				A64200FD1D50368D00D93F82 /* Assets.xcassets in Resources */,
				A642011F1D50372100D93F82 /* tojane.jpg in Resources */,
				A64200FB1D50368D00D93F82 /* Main.storyboard in Resources */,
			);
			runOnlyForDeploymentPostprocessing = 0;
		};
		A64201041D50368D00D93F82 /* Resources */ = {
			isa = PBXResourcesBuildPhase;
			buildActionMask = 2147483647;
			files = (
			);
			runOnlyForDeploymentPostprocessing = 0;
		};
/* End PBXResourcesBuildPhase section */

/* Begin PBXSourcesBuildPhase section */
		A64200E91D50368C00D93F82 /* Sources */ = {
			isa = PBXSourcesBuildPhase;
			buildActionMask = 2147483647;
			files = (
				A642011D1D50370D00D93F82 /* MSTouchViewController.m in Sources */,
				A642011C1D50370D00D93F82 /* MSMainViewController.m in Sources */,
				A64200F51D50368D00D93F82 /* AppDelegate.m in Sources */,
				A64200F21D50368D00D93F82 /* main.m in Sources */,
				A642011B1D50370D00D93F82 /* MSLiveBlurView.m in Sources */,
			);
			runOnlyForDeploymentPostprocessing = 0;
		};
		A64201021D50368D00D93F82 /* Sources */ = {
			isa = PBXSourcesBuildPhase;
			buildActionMask = 2147483647;
			files = (
				A642010B1D50368D00D93F82 /* AnjoTests.m in Sources */,
			);
			runOnlyForDeploymentPostprocessing = 0;
		};
/* End PBXSourcesBuildPhase section */

/* Begin PBXTargetDependency section */
		A64201081D50368D00D93F82 /* PBXTargetDependency */ = {
			isa = PBXTargetDependency;
			target = A64200EC1D50368C00D93F82 /* Anjo */;
			targetProxy = A64201071D50368D00D93F82 /* PBXContainerItemProxy */;
		};
/* End PBXTargetDependency section */

/* Begin PBXVariantGroup section */
		A64200F91D50368D00D93F82 /* Main.storyboard */ = {
			isa = PBXVariantGroup;
			children = (
				A64200FA1D50368D00D93F82 /* Base */,
			);
			name = Main.storyboard;
			sourceTree = "<group>";
		};
		A64200FE1D50368D00D93F82 /* LaunchScreen.storyboard */ = {
			isa = PBXVariantGroup;
			children = (
				A64200FF1D50368D00D93F82 /* Base */,
			);
			name = LaunchScreen.storyboard;
			sourceTree = "<group>";
		};
/* End PBXVariantGroup section */

/* Begin XCBuildConfiguration section */
		A642010D1D50368D00D93F82 /* Debug */ = {
			isa = XCBuildConfiguration;
			buildSettings = {
				ALWAYS_SEARCH_USER_PATHS = NO;
				CLANG_ANALYZER_NONNULL = YES;
				CLANG_CXX_LANGUAGE_STANDARD = "gnu++0x";
				CLANG_CXX_LIBRARY = "libc++";
				CLANG_ENABLE_MODULES = YES;
				CLANG_ENABLE_OBJC_ARC = YES;
				CLANG_WARN_BOOL_CONVERSION = YES;
				CLANG_WARN_CONSTANT_CONVERSION = YES;
				CLANG_WARN_DIRECT_OBJC_ISA_USAGE = YES_ERROR;
				CLANG_WARN_EMPTY_BODY = YES;
				CLANG_WARN_ENUM_CONVERSION = YES;
				CLANG_WARN_INT_CONVERSION = YES;
				CLANG_WARN_OBJC_ROOT_CLASS = YES_ERROR;
				CLANG_WARN_UNREACHABLE_CODE = YES;
				CLANG_WARN__DUPLICATE_METHOD_MATCH = YES;
				"CODE_SIGN_IDENTITY[sdk=iphoneos*]" = "iPhone Developer";
				COPY_PHASE_STRIP = NO;
				DEBUG_INFORMATION_FORMAT = dwarf;
				ENABLE_STRICT_OBJC_MSGSEND = YES;
				ENABLE_TESTABILITY = YES;
				GCC_C_LANGUAGE_STANDARD = gnu99;
				GCC_DYNAMIC_NO_PIC = NO;
				GCC_NO_COMMON_BLOCKS = YES;
				GCC_OPTIMIZATION_LEVEL = 0;
				GCC_PREPROCESSOR_DEFINITIONS = (
					"DEBUG=1",
					"$(inherited)",
				);
				GCC_WARN_64_TO_32_BIT_CONVERSION = YES;
				GCC_WARN_ABOUT_RETURN_TYPE = YES_ERROR;
				GCC_WARN_UNDECLARED_SELECTOR = YES;
				GCC_WARN_UNINITIALIZED_AUTOS = YES_AGGRESSIVE;
				GCC_WARN_UNUSED_FUNCTION = YES;
				GCC_WARN_UNUSED_VARIABLE = YES;
				IPHONEOS_DEPLOYMENT_TARGET = 9.3;
				MTL_ENABLE_DEBUG_INFO = YES;
				ONLY_ACTIVE_ARCH = YES;
				SDKROOT = iphoneos;
			};
			name = Debug;
		};
		A642010E1D50368D00D93F82 /* Release */ = {
			isa = XCBuildConfiguration;
			buildSettings = {
				ALWAYS_SEARCH_USER_PATHS = NO;
				CLANG_ANALYZER_NONNULL = YES;
				CLANG_CXX_LANGUAGE_STANDARD = "gnu++0x";
				CLANG_CXX_LIBRARY = "libc++";
				CLANG_ENABLE_MODULES = YES;
				CLANG_ENABLE_OBJC_ARC = YES;
				CLANG_WARN_BOOL_CONVERSION = YES;
				CLANG_WARN_CONSTANT_CONVERSION = YES;
				CLANG_WARN_DIRECT_OBJC_ISA_USAGE = YES_ERROR;
				CLANG_WARN_EMPTY_BODY = YES;
				CLANG_WARN_ENUM_CONVERSION = YES;
				CLANG_WARN_INT_CONVERSION = YES;
				CLANG_WARN_OBJC_ROOT_CLASS = YES_ERROR;
				CLANG_WARN_UNREACHABLE_CODE = YES;
				CLANG_WARN__DUPLICATE_METHOD_MATCH = YES;
				"CODE_SIGN_IDENTITY[sdk=iphoneos*]" = "iPhone Developer";
				COPY_PHASE_STRIP = NO;
				DEBUG_INFORMATION_FORMAT = "dwarf-with-dsym";
				ENABLE_NS_ASSERTIONS = NO;
				ENABLE_STRICT_OBJC_MSGSEND = YES;
				GCC_C_LANGUAGE_STANDARD = gnu99;
				GCC_NO_COMMON_BLOCKS = YES;
				GCC_WARN_64_TO_32_BIT_CONVERSION = YES;
				GCC_WARN_ABOUT_RETURN_TYPE = YES_ERROR;
				GCC_WARN_UNDECLARED_SELECTOR = YES;
				GCC_WARN_UNINITIALIZED_AUTOS = YES_AGGRESSIVE;
				GCC_WARN_UNUSED_FUNCTION = YES;
				GCC_WARN_UNUSED_VARIABLE = YES;
				IPHONEOS_DEPLOYMENT_TARGET = 9.3;
				MTL_ENABLE_DEBUG_INFO = NO;
				SDKROOT = iphoneos;
				VALIDATE_PRODUCT = YES;
			};
			name = Release;
		};
		A64201101D50368D00D93F82 /* Debug */ = {
			isa = XCBuildConfiguration;
			buildSettings = {
				ASSETCATALOG_COMPILER_APPICON_NAME = AppIcon;
				GCC_PREFIX_HEADER = "/Users/mr.scorpion/Desktop/Anjo/Anjo-PrefixHeader.pch";
				INFOPLIST_FILE = Anjo/Info.plist;
				IPHONEOS_DEPLOYMENT_TARGET = 8.0;
				LD_RUNPATH_SEARCH_PATHS = "$(inherited) @executable_path/Frameworks";
				PRODUCT_BUNDLE_IDENTIFIER = mr.scorpion.Anjo;
				PRODUCT_NAME = "$(TARGET_NAME)";
			};
			name = Debug;
		};
		A64201111D50368D00D93F82 /* Release */ = {
			isa = XCBuildConfiguration;
			buildSettings = {
				ASSETCATALOG_COMPILER_APPICON_NAME = AppIcon;
				GCC_PREFIX_HEADER = "/Users/mr.scorpion/Desktop/Anjo/Anjo-PrefixHeader.pch";
				INFOPLIST_FILE = Anjo/Info.plist;
				IPHONEOS_DEPLOYMENT_TARGET = 8.0;
				LD_RUNPATH_SEARCH_PATHS = "$(inherited) @executable_path/Frameworks";
				PRODUCT_BUNDLE_IDENTIFIER = mr.scorpion.Anjo;
				PRODUCT_NAME = "$(TARGET_NAME)";
			};
			name = Release;
		};
		A64201131D50368D00D93F82 /* Debug */ = {
			isa = XCBuildConfiguration;
			buildSettings = {
				BUNDLE_LOADER = "$(TEST_HOST)";
				INFOPLIST_FILE = AnjoTests/Info.plist;
				LD_RUNPATH_SEARCH_PATHS = "$(inherited) @executable_path/Frameworks @loader_path/Frameworks";
				PRODUCT_BUNDLE_IDENTIFIER = mr.scorpion.AnjoTests;
				PRODUCT_NAME = "$(TARGET_NAME)";
				TEST_HOST = "$(BUILT_PRODUCTS_DIR)/Anjo.app/Anjo";
			};
			name = Debug;
		};
		A64201141D50368D00D93F82 /* Release */ = {
			isa = XCBuildConfiguration;
			buildSettings = {
				BUNDLE_LOADER = "$(TEST_HOST)";
				INFOPLIST_FILE = AnjoTests/Info.plist;
				LD_RUNPATH_SEARCH_PATHS = "$(inherited) @executable_path/Frameworks @loader_path/Frameworks";
				PRODUCT_BUNDLE_IDENTIFIER = mr.scorpion.AnjoTests;
				PRODUCT_NAME = "$(TARGET_NAME)";
				TEST_HOST = "$(BUILT_PRODUCTS_DIR)/Anjo.app/Anjo";
			};
			name = Release;
		};
/* End XCBuildConfiguration section */

/* Begin XCConfigurationList section */
		A64200E81D50368C00D93F82 /* Build configuration list for PBXProject "Anjo" */ = {
			isa = XCConfigurationList;
			buildConfigurations = (
				A642010D1D50368D00D93F82 /* Debug */,
				A642010E1D50368D00D93F82 /* Release */,
			);
			defaultConfigurationIsVisible = 0;
			defaultConfigurationName = Release;
		};
		A642010F1D50368D00D93F82 /* Build configuration list for PBXNativeTarget "Anjo" */ = {
			isa = XCConfigurationList;
			buildConfigurations = (
				A64201101D50368D00D93F82 /* Debug */,
				A64201111D50368D00D93F82 /* Release */,
			);
			defaultConfigurationIsVisible = 0;
			defaultConfigurationName = Release;
		};
		A64201121D50368D00D93F82 /* Build configuration list for PBXNativeTarget "AnjoTests" */ = {
			isa = XCConfigurationList;
			buildConfigurations = (
				A64201131D50368D00D93F82 /* Debug */,
				A64201141D50368D00D93F82 /* Release */,
			);
			defaultConfigurationIsVisible = 0;
			defaultConfigurationName = Release;
		};
/* End XCConfigurationList section */
	};
	rootObject = A64200E51D50368C00D93F82 /* Project object */;
}
